
Microsoft Visual Studio Solution File, Format Version 12.00
# Visual Studio Version 16
VisualStudioVersion = 16.0.31729.503
MinimumVisualStudioVersion = 10.0.40219.1
Project("{FAE04EC0-301F-11D3-BF4B-00C04F79EFBC}") = "WindowsFormsApp9", "WindowsFormsApp9\WindowsFormsApp9.csproj", "{370280B7-2B58-4DAE-9B73-E9225D4F2540}"
EndProject
Global
	GlobalSection(SolutionConfigurationPlatforms) = preSolution
		Debug|Any CPU = Debug|Any CPU
		Release|Any CPU = Release|Any CPU
	EndGlobalSection
	GlobalSection(ProjectConfigurationPlatforms) = postSolution
		{370280B7-2B58-4DAE-9B73-E9225D4F2540}.Debug|Any CPU.ActiveCfg = Debug|Any CPU
		{370280B7-2B58-4DAE-9B73-E9225D4F2540}.Debug|Any CPU.Build.0 = Debug|Any CPU
		{370280B7-2B58-4DAE-9B73-E9225D4F2540}.Release|Any CPU.ActiveCfg = Release|Any CPU
		{370280B7-2B58-4DAE-9B73-E9225D4F2540}.Release|Any CPU.Build.0 = Release|Any CPU
	EndGlobalSection
	GlobalSection(SolutionProperties) = preSolution
		HideSolutionNode = FALSE
	EndGlobalSection
	GlobalSection(ExtensibilityGlobals) = postSolution
		SolutionGuid = {B13006B7-D2A7-40D5-96A9-4DD3D89E464C}
	EndGlobalSection
EndGlobal
